
Microsoft Visual Studio Solution File, Format Version 12.00
# Visual Studio 2013
VisualStudioVersion = 12.0.40629.0
MinimumVisualStudioVersion = 10.0.40219.1
Project("{FAE04EC0-301F-11D3-BF4B-00C04F79EFBC}") = "cerealize", "cerealize\cerealize.csproj", "{34ED1538-4225-46A7-86DE-01E491E9F18E}"
EndProject
Project("{FAE04EC0-301F-11D3-BF4B-00C04F79EFBC}") = "cerealize.common", "cerealize.common\cerealize.common.csproj", "{196B6B60-3C2A-4832-ADB6-82F83DB83B94}"
EndProject
Project("{FAE04EC0-301F-11D3-BF4B-00C04F79EFBC}") = "cerealize.serializers.protobuf", "cerealize.serializers.protobuf\cerealize.serializers.protobuf.csproj", "{95811DC6-EDEB-4869-8665-6B463FEAC58A}"
EndProject
Global
	GlobalSection(SolutionConfigurationPlatforms) = preSolution
		Debug|Any CPU = Debug|Any CPU
		Release|Any CPU = Release|Any CPU
	EndGlobalSection
	GlobalSection(ProjectConfigurationPlatforms) = postSolution
		{34ED1538-4225-46A7-86DE-01E491E9F18E}.Debug|Any CPU.ActiveCfg = Debug|Any CPU
		{34ED1538-4225-46A7-86DE-01E491E9F18E}.Debug|Any CPU.Build.0 = Debug|Any CPU
		{34ED1538-4225-46A7-86DE-01E491E9F18E}.Release|Any CPU.ActiveCfg = Release|Any CPU
		{34ED1538-4225-46A7-86DE-01E491E9F18E}.Release|Any CPU.Build.0 = Release|Any CPU
		{196B6B60-3C2A-4832-ADB6-82F83DB83B94}.Debug|Any CPU.ActiveCfg = Debug|Any CPU
		{196B6B60-3C2A-4832-ADB6-82F83DB83B94}.Debug|Any CPU.Build.0 = Debug|Any CPU
		{196B6B60-3C2A-4832-ADB6-82F83DB83B94}.Release|Any CPU.ActiveCfg = Release|Any CPU
		{196B6B60-3C2A-4832-ADB6-82F83DB83B94}.Release|Any CPU.Build.0 = Release|Any CPU
		{95811DC6-EDEB-4869-8665-6B463FEAC58A}.Debug|Any CPU.ActiveCfg = Debug|Any CPU
		{95811DC6-EDEB-4869-8665-6B463FEAC58A}.Debug|Any CPU.Build.0 = Debug|Any CPU
		{95811DC6-EDEB-4869-8665-6B463FEAC58A}.Release|Any CPU.ActiveCfg = Release|Any CPU
		{95811DC6-EDEB-4869-8665-6B463FEAC58A}.Release|Any CPU.Build.0 = Release|Any CPU
	EndGlobalSection
	GlobalSection(SolutionProperties) = preSolution
		HideSolutionNode = FALSE
	EndGlobalSection
EndGlobal
